
Microsoft Visual Studio Solution File, Format Version 12.00
# Visual Studio Version 17
VisualStudioVersion = 17.8.34309.116
MinimumVisualStudioVersion = 10.0.40219.1
Project("{FAE04EC0-301F-11D3-BF4B-00C04F79EFBC}") = "BottleSong", "BottleSong\BottleSong.csproj", "{92E28138-1CC3-4EF4-9679-1A1239A7FBB1}"
EndProject
Global
	GlobalSection(SolutionConfigurationPlatforms) = preSolution
		Debug|Any CPU = Debug|Any CPU
		Release|Any CPU = Release|Any CPU
	EndGlobalSection
	GlobalSection(ProjectConfigurationPlatforms) = postSolution
		{92E28138-1CC3-4EF4-9679-1A1239A7FBB1}.Debug|Any CPU.ActiveCfg = Debug|Any CPU
		{92E28138-1CC3-4EF4-9679-1A1239A7FBB1}.Debug|Any CPU.Build.0 = Debug|Any CPU
		{92E28138-1CC3-4EF4-9679-1A1239A7FBB1}.Release|Any CPU.ActiveCfg = Release|Any CPU
		{92E28138-1CC3-4EF4-9679-1A1239A7FBB1}.Release|Any CPU.Build.0 = Release|Any CPU
	EndGlobalSection
	GlobalSection(SolutionProperties) = preSolution
		HideSolutionNode = FALSE
	EndGlobalSection
	GlobalSection(ExtensibilityGlobals) = postSolution
		SolutionGuid = {66864C0C-96A0-4483-889C-8B9E4C6A6F6C}
	EndGlobalSection
EndGlobal
