
Microsoft Visual Studio Solution File, Format Version 12.00
# Visual Studio Version 17
VisualStudioVersion = 17.8.34309.116
MinimumVisualStudioVersion = 10.0.40219.1
Project("{FAE04EC0-301F-11D3-BF4B-00C04F79EFBC}") = "Numbers", "Numbers\Numbers.csproj", "{B8C6AEC3-3BA2-4543-96E3-F130B9A27273}"
EndProject
Global
	GlobalSection(SolutionConfigurationPlatforms) = preSolution
		Debug|Any CPU = Debug|Any CPU
		Release|Any CPU = Release|Any CPU
	EndGlobalSection
	GlobalSection(ProjectConfigurationPlatforms) = postSolution
		{B8C6AEC3-3BA2-4543-96E3-F130B9A27273}.Debug|Any CPU.ActiveCfg = Debug|Any CPU
		{B8C6AEC3-3BA2-4543-96E3-F130B9A27273}.Debug|Any CPU.Build.0 = Debug|Any CPU
		{B8C6AEC3-3BA2-4543-96E3-F130B9A27273}.Release|Any CPU.ActiveCfg = Release|Any CPU
		{B8C6AEC3-3BA2-4543-96E3-F130B9A27273}.Release|Any CPU.Build.0 = Release|Any CPU
	EndGlobalSection
	GlobalSection(SolutionProperties) = preSolution
		HideSolutionNode = FALSE
	EndGlobalSection
	GlobalSection(ExtensibilityGlobals) = postSolution
		SolutionGuid = {5EDDC914-81F8-4B27-870D-36A145CC8F99}
	EndGlobalSection
EndGlobal
